
Microsoft Visual Studio Solution File, Format Version 12.00
# Visual Studio 15
VisualStudioVersion = 15.0.28307.645
MinimumVisualStudioVersion = 10.0.40219.1
Project("{888888A0-9F3D-457C-B088-3A5042F75D52}") = "MN_1_MACD", "MN_1_MACD.pyproj", "{F074AC87-3DCF-45E9-B905-D97477120CCD}"
EndProject
Global
	GlobalSection(SolutionConfigurationPlatforms) = preSolution
		Debug|Any CPU = Debug|Any CPU
		Release|Any CPU = Release|Any CPU
	EndGlobalSection
	GlobalSection(ProjectConfigurationPlatforms) = postSolution
		{F074AC87-3DCF-45E9-B905-D97477120CCD}.Debug|Any CPU.ActiveCfg = Debug|Any CPU
		{F074AC87-3DCF-45E9-B905-D97477120CCD}.Release|Any CPU.ActiveCfg = Release|Any CPU
	EndGlobalSection
	GlobalSection(SolutionProperties) = preSolution
		HideSolutionNode = FALSE
	EndGlobalSection
	GlobalSection(ExtensibilityGlobals) = postSolution
		SolutionGuid = {E5130D2E-E5CE-489E-AAA3-5C5334E22B9A}
	EndGlobalSection
EndGlobal
